
Microsoft Visual Studio Solution File, Format Version 12.00
# Visual Studio 15
VisualStudioVersion = 15.0.27428.2043
MinimumVisualStudioVersion = 10.0.40219.1
Project("{FAE04EC0-301F-11D3-BF4B-00C04F79EFBC}") = "ConsoleInterface2", "ConsoleInterface2\ConsoleInterface2.csproj", "{D6ED95E3-6C6B-4F20-B853-6CC7B9AFB625}"
EndProject
Global
	GlobalSection(SolutionConfigurationPlatforms) = preSolution
		Debug|Any CPU = Debug|Any CPU
		Release|Any CPU = Release|Any CPU
	EndGlobalSection
	GlobalSection(ProjectConfigurationPlatforms) = postSolution
		{D6ED95E3-6C6B-4F20-B853-6CC7B9AFB625}.Debug|Any CPU.ActiveCfg = Debug|Any CPU
		{D6ED95E3-6C6B-4F20-B853-6CC7B9AFB625}.Debug|Any CPU.Build.0 = Debug|Any CPU
		{D6ED95E3-6C6B-4F20-B853-6CC7B9AFB625}.Release|Any CPU.ActiveCfg = Release|Any CPU
		{D6ED95E3-6C6B-4F20-B853-6CC7B9AFB625}.Release|Any CPU.Build.0 = Release|Any CPU
	EndGlobalSection
	GlobalSection(SolutionProperties) = preSolution
		HideSolutionNode = FALSE
	EndGlobalSection
	GlobalSection(ExtensibilityGlobals) = postSolution
		SolutionGuid = {31D10DD8-6709-4B21-9B41-D3C4F60DBD55}
	EndGlobalSection
EndGlobal
